
Microsoft Visual Studio Solution File, Format Version 12.00
# Visual Studio Version 17
VisualStudioVersion = 17.0.31912.275
MinimumVisualStudioVersion = 10.0.40219.1
Project("{FAE04EC0-301F-11D3-BF4B-00C04F79EFBC}") = "Take Home Assignment Week 13", "Take Home Assignment Week 13.csproj", "{B28653B9-6D33-4E7D-B7C7-76D85595723A}"
EndProject
Global
	GlobalSection(SolutionConfigurationPlatforms) = preSolution
		Debug|Any CPU = Debug|Any CPU
		Release|Any CPU = Release|Any CPU
	EndGlobalSection
	GlobalSection(ProjectConfigurationPlatforms) = postSolution
		{B28653B9-6D33-4E7D-B7C7-76D85595723A}.Debug|Any CPU.ActiveCfg = Debug|Any CPU
		{B28653B9-6D33-4E7D-B7C7-76D85595723A}.Debug|Any CPU.Build.0 = Debug|Any CPU
		{B28653B9-6D33-4E7D-B7C7-76D85595723A}.Release|Any CPU.ActiveCfg = Release|Any CPU
		{B28653B9-6D33-4E7D-B7C7-76D85595723A}.Release|Any CPU.Build.0 = Release|Any CPU
	EndGlobalSection
	GlobalSection(SolutionProperties) = preSolution
		HideSolutionNode = FALSE
	EndGlobalSection
	GlobalSection(ExtensibilityGlobals) = postSolution
		SolutionGuid = {E68C7875-83BB-476D-99BE-84978EF5D60E}
	EndGlobalSection
EndGlobal
